
Microsoft Visual Studio Solution File, Format Version 12.00
# Visual Studio Version 17
VisualStudioVersion = 17.1.32228.430
MinimumVisualStudioVersion = 10.0.40219.1
Project("{9A19103F-16F7-4668-BE54-9A1E7A4F7556}") = "HKC.Exercises", "HKC.Test\HKC.Exercises.csproj", "{830D35CC-E33E-4DC5-9B08-26C44020C9C9}"
EndProject
Project("{FAE04EC0-301F-11D3-BF4B-00C04F79EFBC}") = "HKC.Tests", "Hkc.Tests\HKC.Tests.csproj", "{93D4F12F-3622-490D-B80F-82E6A4C7B4BC}"
EndProject
Global
	GlobalSection(SolutionConfigurationPlatforms) = preSolution
		Debug|Any CPU = Debug|Any CPU
		Release|Any CPU = Release|Any CPU
	EndGlobalSection
	GlobalSection(ProjectConfigurationPlatforms) = postSolution
		{830D35CC-E33E-4DC5-9B08-26C44020C9C9}.Debug|Any CPU.ActiveCfg = Debug|Any CPU
		{830D35CC-E33E-4DC5-9B08-26C44020C9C9}.Debug|Any CPU.Build.0 = Debug|Any CPU
		{830D35CC-E33E-4DC5-9B08-26C44020C9C9}.Release|Any CPU.ActiveCfg = Release|Any CPU
		{830D35CC-E33E-4DC5-9B08-26C44020C9C9}.Release|Any CPU.Build.0 = Release|Any CPU
		{93D4F12F-3622-490D-B80F-82E6A4C7B4BC}.Debug|Any CPU.ActiveCfg = Debug|Any CPU
		{93D4F12F-3622-490D-B80F-82E6A4C7B4BC}.Debug|Any CPU.Build.0 = Debug|Any CPU
		{93D4F12F-3622-490D-B80F-82E6A4C7B4BC}.Release|Any CPU.ActiveCfg = Release|Any CPU
		{93D4F12F-3622-490D-B80F-82E6A4C7B4BC}.Release|Any CPU.Build.0 = Release|Any CPU
	EndGlobalSection
	GlobalSection(SolutionProperties) = preSolution
		HideSolutionNode = FALSE
	EndGlobalSection
	GlobalSection(ExtensibilityGlobals) = postSolution
		SolutionGuid = {E54A3D74-21B7-4CE7-B99E-F6A9448F4C77}
	EndGlobalSection
EndGlobal
